
Microsoft Visual Studio Solution File, Format Version 12.00
# Visual Studio Version 16
VisualStudioVersion = 16.0.30804.86
MinimumVisualStudioVersion = 10.0.40219.1
Project("{FAE04EC0-301F-11D3-BF4B-00C04F79EFBC}") = "StoreApp", "StoreApp\StoreApp.csproj", "{75C535E6-FF59-4E8F-B8E5-C68C3F254887}"
EndProject
Global
	GlobalSection(SolutionConfigurationPlatforms) = preSolution
		Debug|Any CPU = Debug|Any CPU
		Release|Any CPU = Release|Any CPU
	EndGlobalSection
	GlobalSection(ProjectConfigurationPlatforms) = postSolution
		{75C535E6-FF59-4E8F-B8E5-C68C3F254887}.Debug|Any CPU.ActiveCfg = Debug|Any CPU
		{75C535E6-FF59-4E8F-B8E5-C68C3F254887}.Debug|Any CPU.Build.0 = Debug|Any CPU
		{75C535E6-FF59-4E8F-B8E5-C68C3F254887}.Release|Any CPU.ActiveCfg = Release|Any CPU
		{75C535E6-FF59-4E8F-B8E5-C68C3F254887}.Release|Any CPU.Build.0 = Release|Any CPU
	EndGlobalSection
	GlobalSection(SolutionProperties) = preSolution
		HideSolutionNode = FALSE
	EndGlobalSection
	GlobalSection(ExtensibilityGlobals) = postSolution
		SolutionGuid = {5B8352DA-AF11-4E74-A0BB-37CF02B21A73}
	EndGlobalSection
EndGlobal
